
Microsoft Visual Studio Solution File, Format Version 12.00
# Visual Studio Version 17
VisualStudioVersion = 17.14.36616.10 d17.14
MinimumVisualStudioVersion = 10.0.40219.1
Project("{FAE04EC0-301F-11D3-BF4B-00C04F79EFBC}") = "Task 3", "Task 3\Task 3.csproj", "{611070D3-7ACD-4EE5-99B1-3802F843684D}"
EndProject
Global
	GlobalSection(SolutionConfigurationPlatforms) = preSolution
		Debug|Any CPU = Debug|Any CPU
		Release|Any CPU = Release|Any CPU
	EndGlobalSection
	GlobalSection(ProjectConfigurationPlatforms) = postSolution
		{611070D3-7ACD-4EE5-99B1-3802F843684D}.Debug|Any CPU.ActiveCfg = Debug|Any CPU
		{611070D3-7ACD-4EE5-99B1-3802F843684D}.Debug|Any CPU.Build.0 = Debug|Any CPU
		{611070D3-7ACD-4EE5-99B1-3802F843684D}.Release|Any CPU.ActiveCfg = Release|Any CPU
		{611070D3-7ACD-4EE5-99B1-3802F843684D}.Release|Any CPU.Build.0 = Release|Any CPU
	EndGlobalSection
	GlobalSection(SolutionProperties) = preSolution
		HideSolutionNode = FALSE
	EndGlobalSection
	GlobalSection(ExtensibilityGlobals) = postSolution
		SolutionGuid = {A07EC6D5-B7B2-467A-B699-044CA62F018E}
	EndGlobalSection
EndGlobal
